
Microsoft Visual Studio Solution File, Format Version 12.00
# Visual Studio Version 17
VisualStudioVersion = 17.13.35931.197 d17.13
MinimumVisualStudioVersion = 10.0.40219.1
Project("{FAE04EC0-301F-11D3-BF4B-00C04F79EFBC}") = "MomentsGeneratorApp", "MomentsGeneratorApp.csproj", "{5F00B787-BB4E-4201-AF32-DEDF23E081C5}"
EndProject
Global
	GlobalSection(SolutionConfigurationPlatforms) = preSolution
		Debug|Any CPU = Debug|Any CPU
		Release|Any CPU = Release|Any CPU
	EndGlobalSection
	GlobalSection(ProjectConfigurationPlatforms) = postSolution
		{5F00B787-BB4E-4201-AF32-DEDF23E081C5}.Debug|Any CPU.ActiveCfg = Debug|Any CPU
		{5F00B787-BB4E-4201-AF32-DEDF23E081C5}.Debug|Any CPU.Build.0 = Debug|Any CPU
		{5F00B787-BB4E-4201-AF32-DEDF23E081C5}.Release|Any CPU.ActiveCfg = Release|Any CPU
		{5F00B787-BB4E-4201-AF32-DEDF23E081C5}.Release|Any CPU.Build.0 = Release|Any CPU
	EndGlobalSection
	GlobalSection(SolutionProperties) = preSolution
		HideSolutionNode = FALSE
	EndGlobalSection
	GlobalSection(ExtensibilityGlobals) = postSolution
		SolutionGuid = {462582D3-E8F6-4C55-B6C9-32B57BCF58A6}
	EndGlobalSection
EndGlobal
